
Microsoft Visual Studio Solution File, Format Version 12.00
# Visual Studio 15
VisualStudioVersion = 15.0.28307.168
MinimumVisualStudioVersion = 10.0.40219.1
Project("{FAE04EC0-301F-11D3-BF4B-00C04F79EFBC}") = "CompanyBlog", "CompanyBlog\CompanyBlog.csproj", "{36026E1E-8281-490B-BE42-085C9F3B08F1}"
EndProject
Global
	GlobalSection(SolutionConfigurationPlatforms) = preSolution
		Debug|Any CPU = Debug|Any CPU
		Release|Any CPU = Release|Any CPU
	EndGlobalSection
	GlobalSection(ProjectConfigurationPlatforms) = postSolution
		{36026E1E-8281-490B-BE42-085C9F3B08F1}.Debug|Any CPU.ActiveCfg = Debug|Any CPU
		{36026E1E-8281-490B-BE42-085C9F3B08F1}.Debug|Any CPU.Build.0 = Debug|Any CPU
		{36026E1E-8281-490B-BE42-085C9F3B08F1}.Release|Any CPU.ActiveCfg = Release|Any CPU
		{36026E1E-8281-490B-BE42-085C9F3B08F1}.Release|Any CPU.Build.0 = Release|Any CPU
	EndGlobalSection
	GlobalSection(SolutionProperties) = preSolution
		HideSolutionNode = FALSE
	EndGlobalSection
	GlobalSection(ExtensibilityGlobals) = postSolution
		SolutionGuid = {DA18D393-1419-42A0-8DA2-D861BFBDDD25}
	EndGlobalSection
EndGlobal
